
Microsoft Visual Studio Solution File, Format Version 12.00
# Visual Studio 15
VisualStudioVersion = 15.0.28010.2036
MinimumVisualStudioVersion = 10.0.40219.1
Project("{9A19103F-16F7-4668-BE54-9A1E7A4F7556}") = "MoodObserverDK", "MoodObserverDK\MoodObserverDK.csproj", "{71C08B5E-F9C0-432C-A7D3-9A227B02EF0F}"
EndProject
Global
	GlobalSection(SolutionConfigurationPlatforms) = preSolution
		Debug|Any CPU = Debug|Any CPU
		Release|Any CPU = Release|Any CPU
	EndGlobalSection
	GlobalSection(ProjectConfigurationPlatforms) = postSolution
		{71C08B5E-F9C0-432C-A7D3-9A227B02EF0F}.Debug|Any CPU.ActiveCfg = Debug|Any CPU
		{71C08B5E-F9C0-432C-A7D3-9A227B02EF0F}.Debug|Any CPU.Build.0 = Debug|Any CPU
		{71C08B5E-F9C0-432C-A7D3-9A227B02EF0F}.Release|Any CPU.ActiveCfg = Release|Any CPU
		{71C08B5E-F9C0-432C-A7D3-9A227B02EF0F}.Release|Any CPU.Build.0 = Release|Any CPU
	EndGlobalSection
	GlobalSection(SolutionProperties) = preSolution
		HideSolutionNode = FALSE
	EndGlobalSection
	GlobalSection(ExtensibilityGlobals) = postSolution
		SolutionGuid = {02EE71AB-FDEB-49BE-8B22-C1CBE6644CDE}
	EndGlobalSection
EndGlobal
